
Microsoft Visual Studio Solution File, Format Version 12.00
Project("{FAE04EC0-301F-11D3-BF4B-00C04F79EFBC}") = "MCStatus.IO.NET", "MCStatus.IO.NET\MCStatus.IO.NET.csproj", "{FE498D1F-D806-456C-94BE-CC66B224D3F5}"
EndProject
Project("{FAE04EC0-301F-11D3-BF4B-00C04F79EFBC}") = "MCStatus.IO.NET.Tests", "MCStatus.IO.NET.Tests\MCStatus.IO.NET.Tests.csproj", "{602F69DC-48B3-4097-9A95-F98C55FF2998}"
EndProject
Global
	GlobalSection(SolutionConfigurationPlatforms) = preSolution
		Debug|Any CPU = Debug|Any CPU
		Release|Any CPU = Release|Any CPU
	EndGlobalSection
	GlobalSection(ProjectConfigurationPlatforms) = postSolution
		{FE498D1F-D806-456C-94BE-CC66B224D3F5}.Debug|Any CPU.ActiveCfg = Debug|Any CPU
		{FE498D1F-D806-456C-94BE-CC66B224D3F5}.Debug|Any CPU.Build.0 = Debug|Any CPU
		{FE498D1F-D806-456C-94BE-CC66B224D3F5}.Release|Any CPU.ActiveCfg = Release|Any CPU
		{FE498D1F-D806-456C-94BE-CC66B224D3F5}.Release|Any CPU.Build.0 = Release|Any CPU
		{602F69DC-48B3-4097-9A95-F98C55FF2998}.Debug|Any CPU.ActiveCfg = Debug|Any CPU
		{602F69DC-48B3-4097-9A95-F98C55FF2998}.Debug|Any CPU.Build.0 = Debug|Any CPU
		{602F69DC-48B3-4097-9A95-F98C55FF2998}.Release|Any CPU.ActiveCfg = Release|Any CPU
		{602F69DC-48B3-4097-9A95-F98C55FF2998}.Release|Any CPU.Build.0 = Release|Any CPU
	EndGlobalSection
EndGlobal
